<Solution>
  <Configurations>
    <Platform Name="x64" />
    <Platform Name="x86" />
  </Configurations>
  <Project Path="Hospital_Santa_barbara_Proyecto/Hospital_Santa_barbara_Proyecto.vcxproj" />
  <Project Path="Santa Barbara/Santa Barbara.vdproj" Type="Installer">
    <Build />
  </Project>
</Solution>
